
Microsoft Visual Studio Solution File, Format Version 12.00
# Visual Studio Version 17
VisualStudioVersion = 17.9.34622.214
MinimumVisualStudioVersion = 10.0.40219.1
Project("{FAE04EC0-301F-11D3-BF4B-00C04F79EFBC}") = "LeaveManagement.Web", "LeaveManagement.Web\LeaveManagement.Web.csproj", "{9831D585-A930-41E4-B947-5E8AD48BFCFE}"
EndProject
Global
	GlobalSection(SolutionConfigurationPlatforms) = preSolution
		Debug|Any CPU = Debug|Any CPU
		Release|Any CPU = Release|Any CPU
	EndGlobalSection
	GlobalSection(ProjectConfigurationPlatforms) = postSolution
		{9831D585-A930-41E4-B947-5E8AD48BFCFE}.Debug|Any CPU.ActiveCfg = Debug|Any CPU
		{9831D585-A930-41E4-B947-5E8AD48BFCFE}.Debug|Any CPU.Build.0 = Debug|Any CPU
		{9831D585-A930-41E4-B947-5E8AD48BFCFE}.Release|Any CPU.ActiveCfg = Release|Any CPU
		{9831D585-A930-41E4-B947-5E8AD48BFCFE}.Release|Any CPU.Build.0 = Release|Any CPU
	EndGlobalSection
	GlobalSection(SolutionProperties) = preSolution
		HideSolutionNode = FALSE
	EndGlobalSection
	GlobalSection(ExtensibilityGlobals) = postSolution
		SolutionGuid = {6D5DA49A-B77B-47BE-9C6B-E4FB9B32E6AB}
	EndGlobalSection
EndGlobal
